
Microsoft Visual Studio Solution File, Format Version 12.00
# Visual Studio Version 16
VisualStudioVersion = 16.0.31424.327
MinimumVisualStudioVersion = 10.0.40219.1
Project("{FAE04EC0-301F-11D3-BF4B-00C04F79EFBC}") = "LargestWord", "LargestWord\LargestWord.csproj", "{040052E3-D53C-4309-B2A0-7F5D371F668F}"
EndProject
Global
	GlobalSection(SolutionConfigurationPlatforms) = preSolution
		Debug|Any CPU = Debug|Any CPU
		Release|Any CPU = Release|Any CPU
	EndGlobalSection
	GlobalSection(ProjectConfigurationPlatforms) = postSolution
		{040052E3-D53C-4309-B2A0-7F5D371F668F}.Debug|Any CPU.ActiveCfg = Debug|Any CPU
		{040052E3-D53C-4309-B2A0-7F5D371F668F}.Debug|Any CPU.Build.0 = Debug|Any CPU
		{040052E3-D53C-4309-B2A0-7F5D371F668F}.Release|Any CPU.ActiveCfg = Release|Any CPU
		{040052E3-D53C-4309-B2A0-7F5D371F668F}.Release|Any CPU.Build.0 = Release|Any CPU
	EndGlobalSection
	GlobalSection(SolutionProperties) = preSolution
		HideSolutionNode = FALSE
	EndGlobalSection
	GlobalSection(ExtensibilityGlobals) = postSolution
		SolutionGuid = {0C6BE7E6-4635-4E3E-B907-680B75EC019C}
	EndGlobalSection
EndGlobal
